
Microsoft Visual Studio Solution File, Format Version 12.00
# Visual Studio 14
VisualStudioVersion = 14.0.24720.0
MinimumVisualStudioVersion = 10.0.40219.1
Project("{FAE04EC0-301F-11D3-BF4B-00C04F79EFBC}") = "KUKA_ParseModuleFile.dll", "KUKA_ParseModuleFile\KUKA_ParseModuleFile.dll.csproj", "{E4F5B6DA-8DCD-4054-B75B-63B6C8FC19E5}"
EndProject
Project("{FAE04EC0-301F-11D3-BF4B-00C04F79EFBC}") = "WarningHelper", "..\WarningHelperCSharp\WarningHelper\WarningHelper.csproj", "{F9C0788F-117A-438B-8688-5B912EFB2287}"
EndProject
Project("{FAE04EC0-301F-11D3-BF4B-00C04F79EFBC}") = "ParseModuleTester", "ParseModuleTester\ParseModuleTester.csproj", "{91ECEE88-0686-4242-837B-A42411D06D6F}"
EndProject
Global
	GlobalSection(SolutionConfigurationPlatforms) = preSolution
		Debug|Any CPU = Debug|Any CPU
		Release|Any CPU = Release|Any CPU
	EndGlobalSection
	GlobalSection(ProjectConfigurationPlatforms) = postSolution
		{E4F5B6DA-8DCD-4054-B75B-63B6C8FC19E5}.Debug|Any CPU.ActiveCfg = Debug|Any CPU
		{E4F5B6DA-8DCD-4054-B75B-63B6C8FC19E5}.Debug|Any CPU.Build.0 = Debug|Any CPU
		{E4F5B6DA-8DCD-4054-B75B-63B6C8FC19E5}.Release|Any CPU.ActiveCfg = Release|Any CPU
		{E4F5B6DA-8DCD-4054-B75B-63B6C8FC19E5}.Release|Any CPU.Build.0 = Release|Any CPU
		{F9C0788F-117A-438B-8688-5B912EFB2287}.Debug|Any CPU.ActiveCfg = Debug|Any CPU
		{F9C0788F-117A-438B-8688-5B912EFB2287}.Debug|Any CPU.Build.0 = Debug|Any CPU
		{F9C0788F-117A-438B-8688-5B912EFB2287}.Release|Any CPU.ActiveCfg = Release|Any CPU
		{F9C0788F-117A-438B-8688-5B912EFB2287}.Release|Any CPU.Build.0 = Release|Any CPU
		{91ECEE88-0686-4242-837B-A42411D06D6F}.Debug|Any CPU.ActiveCfg = Debug|Any CPU
		{91ECEE88-0686-4242-837B-A42411D06D6F}.Debug|Any CPU.Build.0 = Debug|Any CPU
		{91ECEE88-0686-4242-837B-A42411D06D6F}.Release|Any CPU.ActiveCfg = Release|Any CPU
		{91ECEE88-0686-4242-837B-A42411D06D6F}.Release|Any CPU.Build.0 = Release|Any CPU
	EndGlobalSection
	GlobalSection(SolutionProperties) = preSolution
		HideSolutionNode = FALSE
	EndGlobalSection
EndGlobal
